
Microsoft Visual Studio Solution File, Format Version 12.00
# Visual Studio Version 16
VisualStudioVersion = 16.0.31005.135
MinimumVisualStudioVersion = 10.0.40219.1
Project("{9A19103F-16F7-4668-BE54-9A1E7A4F7556}") = "Chess", "Chess\Chess.csproj", "{F9DB3F13-D82C-4EE1-87AE-8DB274223DC9}"
EndProject
Project("{9A19103F-16F7-4668-BE54-9A1E7A4F7556}") = "Chess.Logic", "Chess.Logic\Chess.Logic.csproj", "{36D9C048-0BC1-4FE5-9957-25E6EFF989E9}"
EndProject
Project("{9A19103F-16F7-4668-BE54-9A1E7A4F7556}") = "Chess.Tests", "Chess.Tests\Chess.Tests.csproj", "{C69384E5-3764-4096-8F79-307B5EF865A7}"
EndProject
Project("{FAE04EC0-301F-11D3-BF4B-00C04F79EFBC}") = "Chess.WPF", "Chess.WPF\Chess.WPF.csproj", "{8779C5F3-CB07-4E44-A0A0-6DE15978B160}"
EndProject
Global
	GlobalSection(SolutionConfigurationPlatforms) = preSolution
		Debug|Any CPU = Debug|Any CPU
		Release|Any CPU = Release|Any CPU
	EndGlobalSection
	GlobalSection(ProjectConfigurationPlatforms) = postSolution
		{F9DB3F13-D82C-4EE1-87AE-8DB274223DC9}.Debug|Any CPU.ActiveCfg = Debug|Any CPU
		{F9DB3F13-D82C-4EE1-87AE-8DB274223DC9}.Debug|Any CPU.Build.0 = Debug|Any CPU
		{F9DB3F13-D82C-4EE1-87AE-8DB274223DC9}.Release|Any CPU.ActiveCfg = Release|Any CPU
		{F9DB3F13-D82C-4EE1-87AE-8DB274223DC9}.Release|Any CPU.Build.0 = Release|Any CPU
		{36D9C048-0BC1-4FE5-9957-25E6EFF989E9}.Debug|Any CPU.ActiveCfg = Debug|Any CPU
		{36D9C048-0BC1-4FE5-9957-25E6EFF989E9}.Debug|Any CPU.Build.0 = Debug|Any CPU
		{36D9C048-0BC1-4FE5-9957-25E6EFF989E9}.Release|Any CPU.ActiveCfg = Release|Any CPU
		{36D9C048-0BC1-4FE5-9957-25E6EFF989E9}.Release|Any CPU.Build.0 = Release|Any CPU
		{C69384E5-3764-4096-8F79-307B5EF865A7}.Debug|Any CPU.ActiveCfg = Debug|Any CPU
		{C69384E5-3764-4096-8F79-307B5EF865A7}.Debug|Any CPU.Build.0 = Debug|Any CPU
		{C69384E5-3764-4096-8F79-307B5EF865A7}.Release|Any CPU.ActiveCfg = Release|Any CPU
		{C69384E5-3764-4096-8F79-307B5EF865A7}.Release|Any CPU.Build.0 = Release|Any CPU
		{8779C5F3-CB07-4E44-A0A0-6DE15978B160}.Debug|Any CPU.ActiveCfg = Debug|Any CPU
		{8779C5F3-CB07-4E44-A0A0-6DE15978B160}.Debug|Any CPU.Build.0 = Debug|Any CPU
		{8779C5F3-CB07-4E44-A0A0-6DE15978B160}.Release|Any CPU.ActiveCfg = Release|Any CPU
		{8779C5F3-CB07-4E44-A0A0-6DE15978B160}.Release|Any CPU.Build.0 = Release|Any CPU
	EndGlobalSection
	GlobalSection(SolutionProperties) = preSolution
		HideSolutionNode = FALSE
	EndGlobalSection
	GlobalSection(ExtensibilityGlobals) = postSolution
		SolutionGuid = {2CB65944-DFE9-4B1A-BB88-A879608BBEB7}
	EndGlobalSection
EndGlobal
